// !$*UTF8*$!
{
	archiveVersion = 1;
	classes = {
	};
	objectVersion = 48;
	objects = {

/* Begin PBXBuildFile section */
		EBF17D141F88635400B667F8 /* AppDelegate.swift in Sources */ = {isa = PBXBuildFile; fileRef = EBF17D131F88635400B667F8 /* AppDelegate.swift */; };
		EBF17D161F88635400B667F8 /* ViewController.swift in Sources */ = {isa = PBXBuildFile; fileRef = EBF17D151F88635400B667F8 /* ViewController.swift */; };
		EBF17D191F88635400B667F8 /* Main.storyboard in Resources */ = {isa = PBXBuildFile; fileRef = EBF17D171F88635400B667F8 /* Main.storyboard */; };
		EBF17D1B1F88635400B667F8 /* Assets.xcassets in Resources */ = {isa = PBXBuildFile; fileRef = EBF17D1A1F88635400B667F8 /* Assets.xcassets */; };
		EBF17D1E1F88635400B667F8 /* LaunchScreen.storyboard in Resources */ = {isa = PBXBuildFile; fileRef = EBF17D1C1F88635400B667F8 /* LaunchScreen.storyboard */; };
		EBF17D2D1F8867F200B667F8 /* Vision.framework in Frameworks */ = {isa = PBXBuildFile; fileRef = EBF17D2C1F8867F200B667F8 /* Vision.framework */; };
/* End PBXBuildFile section */

/* Begin PBXFileReference section */
		EBF17D101F88635400B667F8 /* VisionFrameworkWithJapaneseText.app */ = {isa = PBXFileReference; explicitFileType = wrapper.application; includeInIndex = 0; path = VisionFrameworkWithJapaneseText.app; sourceTree = BUILT_PRODUCTS_DIR; };
		EBF17D131F88635400B667F8 /* AppDelegate.swift */ = {isa = PBXFileReference; lastKnownFileType = sourcecode.swift; path = AppDelegate.swift; sourceTree = "<group>"; };
		EBF17D151F88635400B667F8 /* ViewController.swift */ = {isa = PBXFileReference; lastKnownFileType = sourcecode.swift; path = ViewController.swift; sourceTree = "<group>"; };
		EBF17D181F88635400B667F8 /* Base */ = {isa = PBXFileReference; lastKnownFileType = file.storyboard; name = Base; path = Base.lproj/Main.storyboard; sourceTree = "<group>"; };
		EBF17D1A1F88635400B667F8 /* Assets.xcassets */ = {isa = PBXFileReference; lastKnownFileType = folder.assetcatalog; path = Assets.xcassets; sourceTree = "<group>"; };
		EBF17D1D1F88635400B667F8 /* Base */ = {isa = PBXFileReference; lastKnownFileType = file.storyboard; name = Base; path = Base.lproj/LaunchScreen.storyboard; sourceTree = "<group>"; };
		EBF17D1F1F88635400B667F8 /* Info.plist */ = {isa = PBXFileReference; lastKnownFileType = text.plist.xml; path = Info.plist; sourceTree = "<group>"; };
		EBF17D2C1F8867F200B667F8 /* Vision.framework */ = {isa = PBXFileReference; lastKnownFileType = wrapper.framework; name = Vision.framework; path = System/Library/Frameworks/Vision.framework; sourceTree = SDKROOT; };
/* End PBXFileReference section */

/* Begin PBXFrameworksBuildPhase section */
		EBF17D0D1F88635400B667F8 /* Frameworks */ = {
			isa = PBXFrameworksBuildPhase;
			buildActionMask = 2147483647;
			files = (
				EBF17D2D1F8867F200B667F8 /* Vision.framework in Frameworks */,
			);
			runOnlyForDeploymentPostprocessing = 0;
		};
/* End PBXFrameworksBuildPhase section */

/* Begin PBXGroup section */
		EBF17D071F88635400B667F8 = {
			isa = PBXGroup;
			children = (
				EBF17D121F88635400B667F8 /* VisionFrameworkWithJapaneseText */,
				EBF17D111F88635400B667F8 /* Products */,
				EBF17D2B1F8867F200B667F8 /* Frameworks */,
			);
			sourceTree = "<group>";
		};
		EBF17D111F88635400B667F8 /* Products */ = {
			isa = PBXGroup;
			children = (
				EBF17D101F88635400B667F8 /* VisionFrameworkWithJapaneseText.app */,
			);
			name = Products;
			sourceTree = "<group>";
		};
		EBF17D121F88635400B667F8 /* VisionFrameworkWithJapaneseText */ = {
			isa = PBXGroup;
			children = (
				EBF17D131F88635400B667F8 /* AppDelegate.swift */,
				EBF17D151F88635400B667F8 /* ViewController.swift */,
				EBF17D171F88635400B667F8 /* Main.storyboard */,
				EBF17D1A1F88635400B667F8 /* Assets.xcassets */,
				EBF17D1C1F88635400B667F8 /* LaunchScreen.storyboard */,
				EBF17D1F1F88635400B667F8 /* Info.plist */,
			);
			path = VisionFrameworkWithJapaneseText;
			sourceTree = "<group>";
		};
		EBF17D2B1F8867F200B667F8 /* Frameworks */ = {
			isa = PBXGroup;
			children = (
				EBF17D2C1F8867F200B667F8 /* Vision.framework */,
			);
			name = Frameworks;
			sourceTree = "<group>";
		};
/* End PBXGroup section */

/* Begin PBXNativeTarget section */
		EBF17D0F1F88635400B667F8 /* VisionFrameworkWithJapaneseText */ = {
			isa = PBXNativeTarget;
			buildConfigurationList = EBF17D221F88635400B667F8 /* Build configuration list for PBXNativeTarget "VisionFrameworkWithJapaneseText" */;
			buildPhases = (
				EBF17D0C1F88635400B667F8 /* Sources */,
				EBF17D0D1F88635400B667F8 /* Frameworks */,
				EBF17D0E1F88635400B667F8 /* Resources */,
			);
			buildRules = (
			);
			dependencies = (
			);
			name = VisionFrameworkWithJapaneseText;
			productName = VisionFrameworkWithJapaneseText;
			productReference = EBF17D101F88635400B667F8 /* VisionFrameworkWithJapaneseText.app */;
			productType = "com.apple.product-type.application";
		};
/* End PBXNativeTarget section */

/* Begin PBXProject section */
		EBF17D081F88635400B667F8 /* Project object */ = {
			isa = PBXProject;
			attributes = {
				LastSwiftUpdateCheck = 0900;
				LastUpgradeCheck = 0900;
				ORGANIZATIONNAME = cobysy;
				TargetAttributes = {
					EBF17D0F1F88635400B667F8 = {
						CreatedOnToolsVersion = 9.0;
						ProvisioningStyle = Manual;
					};
				};
			};
			buildConfigurationList = EBF17D0B1F88635400B667F8 /* Build configuration list for PBXProject "VisionFrameworkWithJapaneseText" */;
			compatibilityVersion = "Xcode 8.0";
			developmentRegion = en;
			hasScannedForEncodings = 0;
			knownRegions = (
				en,
				Base,
			);
			mainGroup = EBF17D071F88635400B667F8;
			productRefGroup = EBF17D111F88635400B667F8 /* Products */;
			projectDirPath = "";
			projectRoot = "";
			targets = (
				EBF17D0F1F88635400B667F8 /* VisionFrameworkWithJapaneseText */,
			);
		};
/* End PBXProject section */

/* Begin PBXResourcesBuildPhase section */
		EBF17D0E1F88635400B667F8 /* Resources */ = {
			isa = PBXResourcesBuildPhase;
			buildActionMask = 2147483647;
			files = (
				EBF17D1E1F88635400B667F8 /* LaunchScreen.storyboard in Resources */,
				EBF17D1B1F88635400B667F8 /* Assets.xcassets in Resources */,
				EBF17D191F88635400B667F8 /* Main.storyboard in Resources */,
			);
			runOnlyForDeploymentPostprocessing = 0;
		};
/* End PBXResourcesBuildPhase section */

/* Begin PBXSourcesBuildPhase section */
		EBF17D0C1F88635400B667F8 /* Sources */ = {
			isa = PBXSourcesBuildPhase;
			buildActionMask = 2147483647;
			files = (
				EBF17D161F88635400B667F8 /* ViewController.swift in Sources */,
				EBF17D141F88635400B667F8 /* AppDelegate.swift in Sources */,
			);
			runOnlyForDeploymentPostprocessing = 0;
		};
/* End PBXSourcesBuildPhase section */

/* Begin PBXVariantGroup section */
		EBF17D171F88635400B667F8 /* Main.storyboard */ = {
			isa = PBXVariantGroup;
			children = (
				EBF17D181F88635400B667F8 /* Base */,
			);
			name = Main.storyboard;
			sourceTree = "<group>";
		};
		EBF17D1C1F88635400B667F8 /* LaunchScreen.storyboard */ = {
			isa = PBXVariantGroup;
			children = (
				EBF17D1D1F88635400B667F8 /* Base */,
			);
			name = LaunchScreen.storyboard;
			sourceTree = "<group>";
		};
/* End PBXVariantGroup section */

/* Begin XCBuildConfiguration section */
		EBF17D201F88635400B667F8 /* Debug */ = {
			isa = XCBuildConfiguration;
			buildSettings = {
				ALWAYS_SEARCH_USER_PATHS = NO;
				CLANG_ANALYZER_NONNULL = YES;
				CLANG_ANALYZER_NUMBER_OBJECT_CONVERSION = YES_AGGRESSIVE;
				CLANG_CXX_LANGUAGE_STANDARD = "gnu++14";
				CLANG_CXX_LIBRARY = "libc++";
				CLANG_ENABLE_MODULES = YES;
				CLANG_ENABLE_OBJC_ARC = YES;
				CLANG_WARN_BLOCK_CAPTURE_AUTORELEASING = YES;
				CLANG_WARN_BOOL_CONVERSION = YES;
				CLANG_WARN_COMMA = YES;
				CLANG_WARN_CONSTANT_CONVERSION = YES;
				CLANG_WARN_DIRECT_OBJC_ISA_USAGE = YES_ERROR;
				CLANG_WARN_DOCUMENTATION_COMMENTS = YES;
				CLANG_WARN_EMPTY_BODY = YES;
				CLANG_WARN_ENUM_CONVERSION = YES;
				CLANG_WARN_INFINITE_RECURSION = YES;
				CLANG_WARN_INT_CONVERSION = YES;
				CLANG_WARN_NON_LITERAL_NULL_CONVERSION = YES;
				CLANG_WARN_OBJC_LITERAL_CONVERSION = YES;
				CLANG_WARN_OBJC_ROOT_CLASS = YES_ERROR;
				CLANG_WARN_RANGE_LOOP_ANALYSIS = YES;
				CLANG_WARN_STRICT_PROTOTYPES = YES;
				CLANG_WARN_SUSPICIOUS_MOVE = YES;
				CLANG_WARN_UNGUARDED_AVAILABILITY = YES_AGGRESSIVE;
				CLANG_WARN_UNREACHABLE_CODE = YES;
				CLANG_WARN__DUPLICATE_METHOD_MATCH = YES;
				CODE_SIGN_IDENTITY = "iPhone Developer";
				COPY_PHASE_STRIP = NO;
				DEBUG_INFORMATION_FORMAT = dwarf;
				ENABLE_STRICT_OBJC_MSGSEND = YES;
				ENABLE_TESTABILITY = YES;
				GCC_C_LANGUAGE_STANDARD = gnu11;
				GCC_DYNAMIC_NO_PIC = NO;
				GCC_NO_COMMON_BLOCKS = YES;
				GCC_OPTIMIZATION_LEVEL = 0;
				GCC_PREPROCESSOR_DEFINITIONS = (
					"DEBUG=1",
					"$(inherited)",
				);
				GCC_WARN_64_TO_32_BIT_CONVERSION = YES;
				GCC_WARN_ABOUT_RETURN_TYPE = YES_ERROR;
				GCC_WARN_UNDECLARED_SELECTOR = YES;
				GCC_WARN_UNINITIALIZED_AUTOS = YES_AGGRESSIVE;
				GCC_WARN_UNUSED_FUNCTION = YES;
				GCC_WARN_UNUSED_VARIABLE = YES;
				IPHONEOS_DEPLOYMENT_TARGET = 11.0;
				MTL_ENABLE_DEBUG_INFO = YES;
				ONLY_ACTIVE_ARCH = YES;
				SDKROOT = iphoneos;
				SWIFT_ACTIVE_COMPILATION_CONDITIONS = DEBUG;
				SWIFT_OPTIMIZATION_LEVEL = "-Onone";
			};
			name = Debug;
		};
		EBF17D211F88635400B667F8 /* Release */ = {
			isa = XCBuildConfiguration;
			buildSettings = {
				ALWAYS_SEARCH_USER_PATHS = NO;
				CLANG_ANALYZER_NONNULL = YES;
				CLANG_ANALYZER_NUMBER_OBJECT_CONVERSION = YES_AGGRESSIVE;
				CLANG_CXX_LANGUAGE_STANDARD = "gnu++14";
				CLANG_CXX_LIBRARY = "libc++";
				CLANG_ENABLE_MODULES = YES;
				CLANG_ENABLE_OBJC_ARC = YES;
				CLANG_WARN_BLOCK_CAPTURE_AUTORELEASING = YES;
				CLANG_WARN_BOOL_CONVERSION = YES;
				CLANG_WARN_COMMA = YES;
				CLANG_WARN_CONSTANT_CONVERSION = YES;
				CLANG_WARN_DIRECT_OBJC_ISA_USAGE = YES_ERROR;
				CLANG_WARN_DOCUMENTATION_COMMENTS = YES;
				CLANG_WARN_EMPTY_BODY = YES;
				CLANG_WARN_ENUM_CONVERSION = YES;
				CLANG_WARN_INFINITE_RECURSION = YES;
				CLANG_WARN_INT_CONVERSION = YES;
				CLANG_WARN_NON_LITERAL_NULL_CONVERSION = YES;
				CLANG_WARN_OBJC_LITERAL_CONVERSION = YES;
				CLANG_WARN_OBJC_ROOT_CLASS = YES_ERROR;
				CLANG_WARN_RANGE_LOOP_ANALYSIS = YES;
				CLANG_WARN_STRICT_PROTOTYPES = YES;
				CLANG_WARN_SUSPICIOUS_MOVE = YES;
				CLANG_WARN_UNGUARDED_AVAILABILITY = YES_AGGRESSIVE;
				CLANG_WARN_UNREACHABLE_CODE = YES;
				CLANG_WARN__DUPLICATE_METHOD_MATCH = YES;
				CODE_SIGN_IDENTITY = "iPhone Developer";
				COPY_PHASE_STRIP = NO;
				DEBUG_INFORMATION_FORMAT = "dwarf-with-dsym";
				ENABLE_NS_ASSERTIONS = NO;
				ENABLE_STRICT_OBJC_MSGSEND = YES;
				GCC_C_LANGUAGE_STANDARD = gnu11;
				GCC_NO_COMMON_BLOCKS = YES;
				GCC_WARN_64_TO_32_BIT_CONVERSION = YES;
				GCC_WARN_ABOUT_RETURN_TYPE = YES_ERROR;
				GCC_WARN_UNDECLARED_SELECTOR = YES;
				GCC_WARN_UNINITIALIZED_AUTOS = YES_AGGRESSIVE;
				GCC_WARN_UNUSED_FUNCTION = YES;
				GCC_WARN_UNUSED_VARIABLE = YES;
				IPHONEOS_DEPLOYMENT_TARGET = 11.0;
				MTL_ENABLE_DEBUG_INFO = NO;
				SDKROOT = iphoneos;
				SWIFT_OPTIMIZATION_LEVEL = "-Owholemodule";
				VALIDATE_PRODUCT = YES;
			};
			name = Release;
		};
		EBF17D231F88635400B667F8 /* Debug */ = {
			isa = XCBuildConfiguration;
			buildSettings = {
				ASSETCATALOG_COMPILER_APPICON_NAME = AppIcon;
				CODE_SIGN_STYLE = Manual;
				DEVELOPMENT_TEAM = "";
				INFOPLIST_FILE = VisionFrameworkWithJapaneseText/Info.plist;
				IPHONEOS_DEPLOYMENT_TARGET = 11.0;
				LD_RUNPATH_SEARCH_PATHS = "$(inherited) @executable_path/Frameworks";
				PRODUCT_BUNDLE_IDENTIFIER = com.cobysy.VisionFrameworkWithJapaneseText;
				PRODUCT_NAME = "$(TARGET_NAME)";
				PROVISIONING_PROFILE_SPECIFIER = "";
				SWIFT_VERSION = 4.0;
				TARGETED_DEVICE_FAMILY = "1,2";
			};
			name = Debug;
		};
		EBF17D241F88635400B667F8 /* Release */ = {
			isa = XCBuildConfiguration;
			buildSettings = {
				ASSETCATALOG_COMPILER_APPICON_NAME = AppIcon;
				CODE_SIGN_STYLE = Manual;
				DEVELOPMENT_TEAM = "";
				INFOPLIST_FILE = VisionFrameworkWithJapaneseText/Info.plist;
				IPHONEOS_DEPLOYMENT_TARGET = 11.0;
				LD_RUNPATH_SEARCH_PATHS = "$(inherited) @executable_path/Frameworks";
				PRODUCT_BUNDLE_IDENTIFIER = com.cobysy.VisionFrameworkWithJapaneseText;
				PRODUCT_NAME = "$(TARGET_NAME)";
				PROVISIONING_PROFILE_SPECIFIER = "";
				SWIFT_VERSION = 4.0;
				TARGETED_DEVICE_FAMILY = "1,2";
			};
			name = Release;
		};
/* End XCBuildConfiguration section */

/* Begin XCConfigurationList section */
		EBF17D0B1F88635400B667F8 /* Build configuration list for PBXProject "VisionFrameworkWithJapaneseText" */ = {
			isa = XCConfigurationList;
			buildConfigurations = (
				EBF17D201F88635400B667F8 /* Debug */,
				EBF17D211F88635400B667F8 /* Release */,
			);
			defaultConfigurationIsVisible = 0;
			defaultConfigurationName = Release;
		};
		EBF17D221F88635400B667F8 /* Build configuration list for PBXNativeTarget "VisionFrameworkWithJapaneseText" */ = {
			isa = XCConfigurationList;
			buildConfigurations = (
				EBF17D231F88635400B667F8 /* Debug */,
				EBF17D241F88635400B667F8 /* Release */,
			);
			defaultConfigurationIsVisible = 0;
			defaultConfigurationName = Release;
		};
/* End XCConfigurationList section */
	};
	rootObject = EBF17D081F88635400B667F8 /* Project object */;
}
